
Microsoft Visual Studio Solution File, Format Version 11.00
# Visual Studio 2010
# SharpDevelop 5.1
Project("{FAE04EC0-301F-11D3-BF4B-00C04F79EFBC}") = "DataSmith", "DataSmith\DataSmith.csproj", "{B3F36DFC-A472-4102-912D-725E61353A62}"
EndProject
Project("{FAE04EC0-301F-11D3-BF4B-00C04F79EFBC}") = "Core", "Core\Core.csproj", "{0A8D1F91-6727-4875-B99C-1D57A87934C0}"
EndProject
Global
	GlobalSection(SolutionConfigurationPlatforms) = preSolution
		Debug|Any CPU = Debug|Any CPU
		Release|Any CPU = Release|Any CPU
	EndGlobalSection
	GlobalSection(ProjectConfigurationPlatforms) = postSolution
		{B3F36DFC-A472-4102-912D-725E61353A62}.Debug|Any CPU.ActiveCfg = Debug|Any CPU
		{B3F36DFC-A472-4102-912D-725E61353A62}.Debug|Any CPU.Build.0 = Debug|Any CPU
		{B3F36DFC-A472-4102-912D-725E61353A62}.Release|Any CPU.ActiveCfg = Release|Any CPU
		{B3F36DFC-A472-4102-912D-725E61353A62}.Release|Any CPU.Build.0 = Release|Any CPU
		{0A8D1F91-6727-4875-B99C-1D57A87934C0}.Debug|Any CPU.ActiveCfg = Debug|Any CPU
		{0A8D1F91-6727-4875-B99C-1D57A87934C0}.Debug|Any CPU.Build.0 = Debug|Any CPU
		{0A8D1F91-6727-4875-B99C-1D57A87934C0}.Release|Any CPU.ActiveCfg = Release|Any CPU
		{0A8D1F91-6727-4875-B99C-1D57A87934C0}.Release|Any CPU.Build.0 = Release|Any CPU
	EndGlobalSection
EndGlobal
