
Microsoft Visual Studio Solution File, Format Version 11.00
# Visual Studio 2010
# SharpDevelop 5.1
Project("{FAE04EC0-301F-11D3-BF4B-00C04F79EFBC}") = "DataSmith.CNIS.Plugin", "DataSmith.Plugin\DataSmith.CNIS.Plugin.csproj", "{0830CE1F-D0D7-4A83-AFB6-2727B9AF9A48}"
EndProject
Global
	GlobalSection(SolutionConfigurationPlatforms) = preSolution
		Debug|Any CPU = Debug|Any CPU
		Release|Any CPU = Release|Any CPU
	EndGlobalSection
	GlobalSection(ProjectConfigurationPlatforms) = postSolution
		{0830CE1F-D0D7-4A83-AFB6-2727B9AF9A48}.Debug|Any CPU.ActiveCfg = Debug|Any CPU
		{0830CE1F-D0D7-4A83-AFB6-2727B9AF9A48}.Debug|Any CPU.Build.0 = Debug|Any CPU
		{0830CE1F-D0D7-4A83-AFB6-2727B9AF9A48}.Release|Any CPU.ActiveCfg = Release|Any CPU
		{0830CE1F-D0D7-4A83-AFB6-2727B9AF9A48}.Release|Any CPU.Build.0 = Release|Any CPU
	EndGlobalSection
EndGlobal
